Microsoft Visual Studio Solution File, Format Version 11.00
# Visual Studio 2008

Project("{F684BF05-FA3E-8152-8C84-D1D281D839F1}") = "TAB", "Assembly-CSharp.csproj", "{7FF27794-71CF-5B92-267F-B19FA09522BF}"
EndProject
Project("{F684BF05-FA3E-8152-8C84-D1D281D839F1}") = "TAB", "Assembly-UnityScript.unityproj", "{9B928D13-3A55-D4C2-B142-6D23D92F4787}"
EndProject
Global
	GlobalSection(SolutionConfigurationPlatforms) = preSolution
		Debug|Any CPU = Debug|Any CPU
		Release|Any CPU = Release|Any CPU
	EndGlobalSection
	GlobalSection(ProjectConfigurationPlatforms) = postSolution
		{7FF27794-71CF-5B92-267F-B19FA09522BF}.Debug|Any CPU.ActiveCfg = Debug|Any CPU
		{7FF27794-71CF-5B92-267F-B19FA09522BF}.Debug|Any CPU.Build.0 = Debug|Any CPU
		{7FF27794-71CF-5B92-267F-B19FA09522BF}.Release|Any CPU.ActiveCfg = Release|Any CPU
		{7FF27794-71CF-5B92-267F-B19FA09522BF}.Release|Any CPU.Build.0 = Release|Any CPU
		{9B928D13-3A55-D4C2-B142-6D23D92F4787}.Debug|Any CPU.ActiveCfg = Debug|Any CPU
		{9B928D13-3A55-D4C2-B142-6D23D92F4787}.Debug|Any CPU.Build.0 = Debug|Any CPU
		{9B928D13-3A55-D4C2-B142-6D23D92F4787}.Release|Any CPU.ActiveCfg = Release|Any CPU
		{9B928D13-3A55-D4C2-B142-6D23D92F4787}.Release|Any CPU.Build.0 = Release|Any CPU
	EndGlobalSection
	GlobalSection(SolutionProperties) = preSolution
		HideSolutionNode = FALSE
	EndGlobalSection
																																							GlobalSection(MonoDevelopProperties) = preSolution
		StartupItem = Assembly-CSharp.csproj
		Policies = $0
		$0.TextStylePolicy = $1
		$1.inheritsSet = null
		$1.scope = text/x-csharp
		$0.CSharpFormattingPolicy = $2
		$2.inheritsSet = Mono
		$2.inheritsScope = text/x-csharp
		$2.scope = text/x-csharp
		$0.TextStylePolicy = $3
		$3.FileWidth = 120
		$3.TabWidth = 4
		$3.IndentWidth = 4
		$3.EolMarker = Unix
		$3.inheritsSet = Mono
		$3.inheritsScope = text/plain
		$3.scope = text/plain
	EndGlobalSection

EndGlobal
